
Microsoft Visual Studio Solution File, Format Version 12.00
# Visual Studio 14
VisualStudioVersion = 14.0.25123.0
MinimumVisualStudioVersion = 10.0.40219.1
Project("{FAE04EC0-301F-11D3-BF4B-00C04F79EFBC}") = "Tests", "Tests\Tests.csproj", "{24D83F1D-3FBE-4D2E-A054-C8E76F3CA300}"
	ProjectSection(ProjectDependencies) = postProject
		{D370AE1D-91E2-463C-94D3-BC795E602ADC} = {D370AE1D-91E2-463C-94D3-BC795E602ADC}
		{02B4B06B-F991-4FC0-ABA2-2A5FEA5DD5B9} = {02B4B06B-F991-4FC0-ABA2-2A5FEA5DD5B9}
		{079AC3E0-8581-4F89-9FD8-B58FE7053493} = {079AC3E0-8581-4F89-9FD8-B58FE7053493}
	EndProjectSection
EndProject
Project("{FAE04EC0-301F-11D3-BF4B-00C04F79EFBC}") = "Web", "Web\Web.csproj", "{02B4B06B-F991-4FC0-ABA2-2A5FEA5DD5B9}"
	ProjectSection(ProjectDependencies) = postProject
		{04E00212-1CF3-427A-94E3-DE6D20360B0E} = {04E00212-1CF3-427A-94E3-DE6D20360B0E}
		{D370AE1D-91E2-463C-94D3-BC795E602ADC} = {D370AE1D-91E2-463C-94D3-BC795E602ADC}
		{F0DF2858-D661-4D9F-A163-739780F82D74} = {F0DF2858-D661-4D9F-A163-739780F82D74}
		{BCDF2B92-B2C4-4FDC-8687-63E899DC44C8} = {BCDF2B92-B2C4-4FDC-8687-63E899DC44C8}
		{079AC3E0-8581-4F89-9FD8-B58FE7053493} = {079AC3E0-8581-4F89-9FD8-B58FE7053493}
		{C6DFA7E9-24D9-4735-854D-3694C521DDBB} = {C6DFA7E9-24D9-4735-854D-3694C521DDBB}
	EndProjectSection
EndProject
Project("{FAE04EC0-301F-11D3-BF4B-00C04F79EFBC}") = "BusinessLogic", "BusinessLogic\BusinessLogic.csproj", "{F0DF2858-D661-4D9F-A163-739780F82D74}"
EndProject
Project("{FAE04EC0-301F-11D3-BF4B-00C04F79EFBC}") = "Serialization", "Serialization\Serialization.csproj", "{C6DFA7E9-24D9-4735-854D-3694C521DDBB}"
EndProject
Project("{FAE04EC0-301F-11D3-BF4B-00C04F79EFBC}") = "Contracts", "Contracts\Contracts.csproj", "{04E00212-1CF3-427A-94E3-DE6D20360B0E}"
EndProject
Project("{FAE04EC0-301F-11D3-BF4B-00C04F79EFBC}") = "Azure", "Azure\Azure.csproj", "{D370AE1D-91E2-463C-94D3-BC795E602ADC}"
EndProject
Project("{FAE04EC0-301F-11D3-BF4B-00C04F79EFBC}") = "Simulators", "Simulators\Simulators.csproj", "{BCDF2B92-B2C4-4FDC-8687-63E899DC44C8}"
EndProject
Project("{FAE04EC0-301F-11D3-BF4B-00C04F79EFBC}") = "Data", "Data\Data.csproj", "{079AC3E0-8581-4F89-9FD8-B58FE7053493}"
EndProject
Global
	GlobalSection(SolutionConfigurationPlatforms) = preSolution
		Debug|Any CPU = Debug|Any CPU
		Release|Any CPU = Release|Any CPU
	EndGlobalSection
	GlobalSection(ProjectConfigurationPlatforms) = postSolution
		{24D83F1D-3FBE-4D2E-A054-C8E76F3CA300}.Debug|Any CPU.ActiveCfg = Debug|Any CPU
		{24D83F1D-3FBE-4D2E-A054-C8E76F3CA300}.Debug|Any CPU.Build.0 = Debug|Any CPU
		{24D83F1D-3FBE-4D2E-A054-C8E76F3CA300}.Release|Any CPU.ActiveCfg = Release|Any CPU
		{24D83F1D-3FBE-4D2E-A054-C8E76F3CA300}.Release|Any CPU.Build.0 = Release|Any CPU
		{02B4B06B-F991-4FC0-ABA2-2A5FEA5DD5B9}.Debug|Any CPU.ActiveCfg = Debug|Any CPU
		{02B4B06B-F991-4FC0-ABA2-2A5FEA5DD5B9}.Debug|Any CPU.Build.0 = Debug|Any CPU
		{02B4B06B-F991-4FC0-ABA2-2A5FEA5DD5B9}.Release|Any CPU.ActiveCfg = Release|Any CPU
		{02B4B06B-F991-4FC0-ABA2-2A5FEA5DD5B9}.Release|Any CPU.Build.0 = Release|Any CPU
		{F0DF2858-D661-4D9F-A163-739780F82D74}.Debug|Any CPU.ActiveCfg = Debug|Any CPU
		{F0DF2858-D661-4D9F-A163-739780F82D74}.Debug|Any CPU.Build.0 = Debug|Any CPU
		{F0DF2858-D661-4D9F-A163-739780F82D74}.Release|Any CPU.ActiveCfg = Release|Any CPU
		{F0DF2858-D661-4D9F-A163-739780F82D74}.Release|Any CPU.Build.0 = Release|Any CPU
		{C6DFA7E9-24D9-4735-854D-3694C521DDBB}.Debug|Any CPU.ActiveCfg = Debug|Any CPU
		{C6DFA7E9-24D9-4735-854D-3694C521DDBB}.Debug|Any CPU.Build.0 = Debug|Any CPU
		{C6DFA7E9-24D9-4735-854D-3694C521DDBB}.Release|Any CPU.ActiveCfg = Release|Any CPU
		{C6DFA7E9-24D9-4735-854D-3694C521DDBB}.Release|Any CPU.Build.0 = Release|Any CPU
		{04E00212-1CF3-427A-94E3-DE6D20360B0E}.Debug|Any CPU.ActiveCfg = Debug|Any CPU
		{04E00212-1CF3-427A-94E3-DE6D20360B0E}.Debug|Any CPU.Build.0 = Debug|Any CPU
		{04E00212-1CF3-427A-94E3-DE6D20360B0E}.Release|Any CPU.ActiveCfg = Release|Any CPU
		{04E00212-1CF3-427A-94E3-DE6D20360B0E}.Release|Any CPU.Build.0 = Release|Any CPU
		{D370AE1D-91E2-463C-94D3-BC795E602ADC}.Debug|Any CPU.ActiveCfg = Debug|Any CPU
		{D370AE1D-91E2-463C-94D3-BC795E602ADC}.Debug|Any CPU.Build.0 = Debug|Any CPU
		{D370AE1D-91E2-463C-94D3-BC795E602ADC}.Release|Any CPU.ActiveCfg = Release|Any CPU
		{D370AE1D-91E2-463C-94D3-BC795E602ADC}.Release|Any CPU.Build.0 = Release|Any CPU
		{BCDF2B92-B2C4-4FDC-8687-63E899DC44C8}.Debug|Any CPU.ActiveCfg = Debug|Any CPU
		{BCDF2B92-B2C4-4FDC-8687-63E899DC44C8}.Debug|Any CPU.Build.0 = Debug|Any CPU
		{BCDF2B92-B2C4-4FDC-8687-63E899DC44C8}.Release|Any CPU.ActiveCfg = Release|Any CPU
		{BCDF2B92-B2C4-4FDC-8687-63E899DC44C8}.Release|Any CPU.Build.0 = Release|Any CPU
		{079AC3E0-8581-4F89-9FD8-B58FE7053493}.Debug|Any CPU.ActiveCfg = Debug|Any CPU
		{079AC3E0-8581-4F89-9FD8-B58FE7053493}.Debug|Any CPU.Build.0 = Debug|Any CPU
		{079AC3E0-8581-4F89-9FD8-B58FE7053493}.Release|Any CPU.ActiveCfg = Release|Any CPU
		{079AC3E0-8581-4F89-9FD8-B58FE7053493}.Release|Any CPU.Build.0 = Release|Any CPU
	EndGlobalSection
	GlobalSection(SolutionProperties) = preSolution
		HideSolutionNode = FALSE
	EndGlobalSection
EndGlobal
