
Microsoft Visual Studio Solution File, Format Version 12.00
# Visual Studio 14
VisualStudioVersion = 14.0.24720.0
MinimumVisualStudioVersion = 10.0.40219.1
Project("{FAE04EC0-301F-11D3-BF4B-00C04F79EFBC}") = "Contracts", "Contracts\Contracts.csproj", "{DE3FAC51-BB96-437D-90ED-E1BC325634F4}"
EndProject
Project("{FAE04EC0-301F-11D3-BF4B-00C04F79EFBC}") = "BusinessLogic", "BusinessLogic\BusinessLogic.csproj", "{C22E1623-CD69-4F47-9B7D-7A808C4F12EB}"
EndProject
Project("{FAE04EC0-301F-11D3-BF4B-00C04F79EFBC}") = "Serialization", "Serialization\Serialization.csproj", "{7500FEE0-CB37-4837-B5CB-818A78D001B6}"
EndProject
Project("{FAE04EC0-301F-11D3-BF4B-00C04F79EFBC}") = "Azure", "Azure\Azure.csproj", "{37A3C877-333A-4913-AA65-543989982765}"
EndProject
Project("{FAE04EC0-301F-11D3-BF4B-00C04F79EFBC}") = "Simulators", "Simulators\Simulators.csproj", "{2961338D-FEDA-4886-AE9B-252B77EA3AA2}"
EndProject
Project("{FAE04EC0-301F-11D3-BF4B-00C04F79EFBC}") = "Tests", "Tests\Tests.csproj", "{24D83F1D-3FBE-4D2E-A054-C8E76F3CA300}"
EndProject
Project("{FAE04EC0-301F-11D3-BF4B-00C04F79EFBC}") = "Web", "Web\Web.csproj", "{02B4B06B-F991-4FC0-ABA2-2A5FEA5DD5B9}"
EndProject
Global
	GlobalSection(SolutionConfigurationPlatforms) = preSolution
		Debug|Any CPU = Debug|Any CPU
		Release|Any CPU = Release|Any CPU
	EndGlobalSection
	GlobalSection(ProjectConfigurationPlatforms) = postSolution
		{DE3FAC51-BB96-437D-90ED-E1BC325634F4}.Debug|Any CPU.ActiveCfg = Debug|Any CPU
		{DE3FAC51-BB96-437D-90ED-E1BC325634F4}.Debug|Any CPU.Build.0 = Debug|Any CPU
		{DE3FAC51-BB96-437D-90ED-E1BC325634F4}.Release|Any CPU.ActiveCfg = Release|Any CPU
		{DE3FAC51-BB96-437D-90ED-E1BC325634F4}.Release|Any CPU.Build.0 = Release|Any CPU
		{C22E1623-CD69-4F47-9B7D-7A808C4F12EB}.Debug|Any CPU.ActiveCfg = Debug|Any CPU
		{C22E1623-CD69-4F47-9B7D-7A808C4F12EB}.Debug|Any CPU.Build.0 = Debug|Any CPU
		{C22E1623-CD69-4F47-9B7D-7A808C4F12EB}.Release|Any CPU.ActiveCfg = Release|Any CPU
		{C22E1623-CD69-4F47-9B7D-7A808C4F12EB}.Release|Any CPU.Build.0 = Release|Any CPU
		{7500FEE0-CB37-4837-B5CB-818A78D001B6}.Debug|Any CPU.ActiveCfg = Debug|Any CPU
		{7500FEE0-CB37-4837-B5CB-818A78D001B6}.Debug|Any CPU.Build.0 = Debug|Any CPU
		{7500FEE0-CB37-4837-B5CB-818A78D001B6}.Release|Any CPU.ActiveCfg = Release|Any CPU
		{7500FEE0-CB37-4837-B5CB-818A78D001B6}.Release|Any CPU.Build.0 = Release|Any CPU
		{37A3C877-333A-4913-AA65-543989982765}.Debug|Any CPU.ActiveCfg = Debug|Any CPU
		{37A3C877-333A-4913-AA65-543989982765}.Debug|Any CPU.Build.0 = Debug|Any CPU
		{37A3C877-333A-4913-AA65-543989982765}.Release|Any CPU.ActiveCfg = Release|Any CPU
		{37A3C877-333A-4913-AA65-543989982765}.Release|Any CPU.Build.0 = Release|Any CPU
		{2961338D-FEDA-4886-AE9B-252B77EA3AA2}.Debug|Any CPU.ActiveCfg = Debug|Any CPU
		{2961338D-FEDA-4886-AE9B-252B77EA3AA2}.Debug|Any CPU.Build.0 = Debug|Any CPU
		{2961338D-FEDA-4886-AE9B-252B77EA3AA2}.Release|Any CPU.ActiveCfg = Release|Any CPU
		{2961338D-FEDA-4886-AE9B-252B77EA3AA2}.Release|Any CPU.Build.0 = Release|Any CPU
		{24D83F1D-3FBE-4D2E-A054-C8E76F3CA300}.Debug|Any CPU.ActiveCfg = Debug|Any CPU
		{24D83F1D-3FBE-4D2E-A054-C8E76F3CA300}.Debug|Any CPU.Build.0 = Debug|Any CPU
		{24D83F1D-3FBE-4D2E-A054-C8E76F3CA300}.Release|Any CPU.ActiveCfg = Release|Any CPU
		{24D83F1D-3FBE-4D2E-A054-C8E76F3CA300}.Release|Any CPU.Build.0 = Release|Any CPU
		{02B4B06B-F991-4FC0-ABA2-2A5FEA5DD5B9}.Debug|Any CPU.ActiveCfg = Debug|Any CPU
		{02B4B06B-F991-4FC0-ABA2-2A5FEA5DD5B9}.Debug|Any CPU.Build.0 = Debug|Any CPU
		{02B4B06B-F991-4FC0-ABA2-2A5FEA5DD5B9}.Release|Any CPU.ActiveCfg = Release|Any CPU
		{02B4B06B-F991-4FC0-ABA2-2A5FEA5DD5B9}.Release|Any CPU.Build.0 = Release|Any CPU
	EndGlobalSection
	GlobalSection(SolutionProperties) = preSolution
		HideSolutionNode = FALSE
	EndGlobalSection
EndGlobal
